
Microsoft Visual Studio Solution File, Format Version 12.00
# Visual Studio Version 17
VisualStudioVersion = 17.4.33205.214
MinimumVisualStudioVersion = 10.0.40219.1
Project("{FAE04EC0-301F-11D3-BF4B-00C04F79EFBC}") = "ad17-2", "ad17-2\ad17-2.csproj", "{39572D92-9B64-4617-8BD2-8FCEE4569183}"
EndProject
Global
	GlobalSection(SolutionConfigurationPlatforms) = preSolution
		Debug|Any CPU = Debug|Any CPU
		Release|Any CPU = Release|Any CPU
	EndGlobalSection
	GlobalSection(ProjectConfigurationPlatforms) = postSolution
		{39572D92-9B64-4617-8BD2-8FCEE4569183}.Debug|Any CPU.ActiveCfg = Debug|Any CPU
		{39572D92-9B64-4617-8BD2-8FCEE4569183}.Debug|Any CPU.Build.0 = Debug|Any CPU
		{39572D92-9B64-4617-8BD2-8FCEE4569183}.Release|Any CPU.ActiveCfg = Release|Any CPU
		{39572D92-9B64-4617-8BD2-8FCEE4569183}.Release|Any CPU.Build.0 = Release|Any CPU
	EndGlobalSection
	GlobalSection(SolutionProperties) = preSolution
		HideSolutionNode = FALSE
	EndGlobalSection
	GlobalSection(ExtensibilityGlobals) = postSolution
		SolutionGuid = {5118973A-46BD-4BBC-AB22-5B71EA137607}
	EndGlobalSection
EndGlobal
